# THIS IS AN AUTOGENERATED FILE. DO NOT EDIT THIS FILE DIRECTLY.
# yarn lockfile v1


"@riotjs/compiler@^4.8.2":
  version "4.8.2"
  resolved "https://registry.yarnpkg.com/@riotjs/compiler/-/compiler-4.8.2.tgz#5c8420fef5721d20e68a664de238b0c0dad3dfd7"
  integrity sha512-h1wfewMR1ZWaYQV8lJFRuabTabrJbLhubJ/0kUN7ZTVAugSPNm8qT65FnX4OsiQBmbwYD3WUJ5qbw6L6fDKMPg==
  dependencies:
    "@riotjs/parser" "^4.2.1"
    "@riotjs/util" "1.2.0"
    acorn "^7.1.1"
    cssesc "^3.0.0"
    cumpa "^1.0.1"
    curri "^1.0.1"
    dom-nodes "^1.1.3"
    globals "^12.4.0"
    recast "^0.18.7"
    source-map "^0.7.3"

"@riotjs/dom-bindings@^4.7.0":
  version "4.7.0"
  resolved "https://registry.yarnpkg.com/@riotjs/dom-bindings/-/dom-bindings-4.7.0.tgz#a978c7720de6730ebc26eadcbe0fb53027f123da"
  integrity sha512-b9lwSOPOL9e7CnJbeKuaSPnOKtUcwjOSBn4bWEuKbiz8kvwGzDiVHjhpRtzSoGAue989+jLViFyzcN/sJFIk+g==
  dependencies:
    "@riotjs/util" "^1.2.0"
    domdiff "^2.2.1"

"@riotjs/parser@^4.2.1":
  version "4.2.1"
  resolved "https://registry.yarnpkg.com/@riotjs/parser/-/parser-4.2.1.tgz#aac8efe3495890021befef7784711470113f5e1e"
  integrity sha512-VOqX6Ne7Wt9ziV8GcAE/AARvV92HNiYeeIDzM7tPijduDkWYGKaFYlw+bcwAcg4DM8Pi4sExTceOHxAuqKH3dg==
  dependencies:
    curri "^1.0.1"
    dom-nodes "^1.1.3"

"@riotjs/util@1.2.0", "@riotjs/util@^1.2.0":
  version "1.2.0"
  resolved "https://registry.yarnpkg.com/@riotjs/util/-/util-1.2.0.tgz#a1fdaaa82e214eeff0b740b2b24600b6dfe62d7d"
  integrity sha512-pdKDR9kTPWKR8rNmIJzFoCJ9efXatpwje/2SgWpBgsLH1dFzLiiggN35Kbt8KtaRSOf/nHsrmd6VDirUj4lTLw==

acorn@^7.1.1:
  version "7.1.1"
  resolved "https://registry.yarnpkg.com/acorn/-/acorn-7.1.1.tgz#e35668de0b402f359de515c5482a1ab9f89a69bf"
  integrity sha512-add7dgA5ppRPxCFJoAGfMDi7PIBXq1RtGo7BhbLaxwrXPOmw8gq48Y9ozT01hUKy9byMjlR20EJhu5zlkErEkg==

ast-types@0.13.3:
  version "0.13.3"
  resolved "https://registry.yarnpkg.com/ast-types/-/ast-types-0.13.3.tgz#50da3f28d17bdbc7969a3a2d83a0e4a72ae755a7"
  integrity sha512-XTZ7xGML849LkQP86sWdQzfhwbt3YwIO6MqbX9mUNYY98VKaaVZP7YNNm70IpwecbkkxmfC5IYAzOQ/2p29zRA==

bianco.attr@^1.0.0:
  version "1.0.0"
  resolved "https://registry.yarnpkg.com/bianco.attr/-/bianco.attr-1.0.0.tgz#38a16f28ad840cb57e0ab3638b8016e03c2bf1f2"
  integrity sha512-ry700auBXrfRcn18wgOlDeCIAOy1HKnUrM96hc2xbzt4FQL+pfXTUGrt++gg9/rpp7JD4JUXi0X1OB7um+jm2w==
  dependencies:
    bianco.dom-to-array "^0.0.10"

bianco.dom-to-array@^0.0.10:
  version "0.0.10"
  resolved "https://registry.yarnpkg.com/bianco.dom-to-array/-/bianco.dom-to-array-0.0.10.tgz#376e1a37c4ca5119b3b6de9fd2d5c994cf0152a3"
  integrity sha512-EFYkcEGPmIqatvh+6I2eF6/X4mDtEyGoBucqmudJ5qABbFOw3RPIWB913aLD1FTaux8pZtYzD/yvcwGJKSNgXg==

bianco.query@^1.0.0:
  version "1.0.0"
  resolved "https://registry.yarnpkg.com/bianco.query/-/bianco.query-1.0.0.tgz#1149b4d5b4175ef28086ba5851507bebd60d161a"
  integrity sha512-pDstv5+tsuw//wNuPnXuf4DjyN116tcH/a7hxbqH1OpWMsBgBkp/O29uxlWEZWN5e6hCaGajLNA9CAGTsgYeWw==
  dependencies:
    bianco.dom-to-array "^0.0.10"

cssesc@^3.0.0:
  version "3.0.0"
  resolved "https://registry.yarnpkg.com/cssesc/-/cssesc-3.0.0.tgz#37741919903b868565e1c09ea747445cd18983ee"
  integrity sha512-/Tb/JcjK111nNScGob5MNtsntNM1aCNUDipB/TkwZFhyDrrE47SOx/18wF2bbjgc3ZzCSKW1T5nt5EbFoAz/Vg==

cumpa@^1.0.1:
  version "1.0.1"
  resolved "https://registry.yarnpkg.com/cumpa/-/cumpa-1.0.1.tgz#beff3180ab36e850a157a779d0cf4d997d2c7980"
  integrity sha512-Ew3sfG4cqvDFINS1VgdvLX1FIruhySlnP6DRLhB+1EjewiOzhJzKRKPEp/TCuo0RDisSFeuaDrk0S4Q8grF9CA==

curri@^1.0.1:
  version "1.0.1"
  resolved "https://registry.yarnpkg.com/curri/-/curri-1.0.1.tgz#faf9d8900a20e85c1701df64a581cdcdcedb29b1"
  integrity sha512-VwFb2MGqN0A1RPA0vSgDRSWc0c+V6N9yz8pVYJ9AXILAukRAyCZP5Sqp4VdOxgw1lT0t5oaplwIDT/ruF3Nz7Q==

dom-nodes@^1.1.3:
  version "1.1.3"
  resolved "https://registry.yarnpkg.com/dom-nodes/-/dom-nodes-1.1.3.tgz#608d569eafacadef857f09505123efd10a566030"
  integrity sha512-y5wnIx97oe0IqMllL/lizgkK2c9vu1cQeqPCCsS7mwNdPuYxg3b04eDJynHhC63kM8+ZsteOmiPElfVGOUmmKg==

domdiff@^2.2.1:
  version "2.2.2"
  resolved "https://registry.yarnpkg.com/domdiff/-/domdiff-2.2.2.tgz#b05ea5e6084b5e659369d1c022e4e3d6fb31398d"
  integrity sha512-Pv7aH5JfjNIkLRKkah+T3Kd41Gy+7GU+5dmPsOZZXsCJ34QR1i7CCiWraUn1c/a40htShxAQ8mHJR2OqPd12+Q==
  dependencies:
    uarray "^1.0.0"

esprima@~4.0.0:
  version "4.0.1"
  resolved "https://registry.yarnpkg.com/esprima/-/esprima-4.0.1.tgz#13b04cdb3e6c5d19df91ab6987a8695619b0aa71"
  integrity sha512-eGuFFw7Upda+g4p+QHvnW0RyTX/SVeJBDM/gCtMARO0cLuT2HcEKnTPvhjV6aGeqrCB/sbNop0Kszm0jsaWU4A==

globals@^12.4.0:
  version "12.4.0"
  resolved "https://registry.yarnpkg.com/globals/-/globals-12.4.0.tgz#a18813576a41b00a24a97e7f815918c2e19925f8"
  integrity sha512-BWICuzzDvDoH54NHKCseDanAhE3CeDorgDL5MT6LMXXj2WCnd9UC2szdk4AWLfjdgNBCXLUanXYcpBBKOSWGwg==
  dependencies:
    type-fest "^0.8.1"

private@^0.1.8:
  version "0.1.8"
  resolved "https://registry.yarnpkg.com/private/-/private-0.1.8.tgz#2381edb3689f7a53d653190060fcf822d2f368ff"
  integrity sha512-VvivMrbvd2nKkiG38qjULzlc+4Vx4wm/whI9pQD35YrARNnhxeiRktSOhSukRLFNlzg6Br/cJPet5J/u19r/mg==

recast@^0.18.7:
  version "0.18.8"
  resolved "https://registry.yarnpkg.com/recast/-/recast-0.18.8.tgz#e745d8b7d6da549a03099ff648c957288f4649a4"
  integrity sha512-pxiq+ZAF0mYQuhQI+qqr8nFjgmEOFYA3YUVV8dXM7Mz20vs2WyKM1z2W0v80RZ/WICeNw2EeORg+QdDIgAX2ng==
  dependencies:
    ast-types "0.13.3"
    esprima "~4.0.0"
    private "^0.1.8"
    source-map "~0.6.1"

riot@^4.11.1:
  version "4.11.1"
  resolved "https://registry.yarnpkg.com/riot/-/riot-4.11.1.tgz#1ff03734ed01abedfbb1a8b7f0d39480b464bb77"
  integrity sha512-4tyWXPLKbp1TwjqUXKUwa9QXBceSUihh745++ue9mv9Xa0c3uFr90Lukb+pasAE5qV/BHBUdKB5WIKA4T3T7BA==
  dependencies:
    "@riotjs/compiler" "^4.8.2"
    "@riotjs/dom-bindings" "^4.7.0"
    "@riotjs/util" "^1.2.0"
    bianco.attr "^1.0.0"
    bianco.query "^1.0.0"
    cumpa "^1.0.1"
    curri "^1.0.1"

source-map@^0.7.3:
  version "0.7.3"
  resolved "https://registry.yarnpkg.com/source-map/-/source-map-0.7.3.tgz#5302f8169031735226544092e64981f751750383"
  integrity sha512-CkCj6giN3S+n9qrYiBTX5gystlENnRW5jZeNLHpe6aue+SrHcG5VYwujhW9s4dY31mEGsxBDrHR6oI69fTXsaQ==

source-map@~0.6.1:
  version "0.6.1"
  resolved "https://registry.yarnpkg.com/source-map/-/source-map-0.6.1.tgz#74722af32e9614e9c287a8d0bbde48b5e2f1a263"
  integrity sha512-UjgapumWlbMhkBgzT7Ykc5YXUT46F0iKu8SGXq0bcwP5dz/h0Plj6enJqjz1Zbq2l5WaqYnrVbwWOWMyF3F47g==

type-fest@^0.8.1:
  version "0.8.1"
  resolved "https://registry.yarnpkg.com/type-fest/-/type-fest-0.8.1.tgz#09e249ebde851d3b1e48d27c105444667f17b83d"
  integrity sha512-4dbzIzqvjtgiM5rw1k5rEHtBANKmdudhGyBEajN01fEyhaAIhsoKNy6y7+IN93IfpFtwY9iqi7kD+xwKhQsNJA==

uarray@^1.0.0:
  version "1.0.0"
  resolved "https://registry.yarnpkg.com/uarray/-/uarray-1.0.0.tgz#e89bf0ea2129596f4bf653b66e53246ed6562b6c"
  integrity sha512-LHmiAd5QuAv7pU2vbh+Zq9YOnqVK0H764p2Ozinpfy9ka58OID4IsGLiXsitqH7n0NAIDxvax1A/kDXpii/Ckg==
