{
  "name": "oa",
  "version": "1.0.0",
  "lockfileVersion": 1,
  "requires": true,
  "dependencies": {
    "jquery": {
      "version": "3.5.0",
      "resolved": "https://registry.npmjs.org/jquery/-/jquery-3.5.0.tgz",
      "integrity": "sha512-Xb7SVYMvygPxbFMpTFQiHh1J7HClEaThguL15N/Gg37Lri/qKyhRGZYzHRyLH8Stq3Aow0LsHO2O2ci86fCrNQ=="
    },
    "signalr": {
      "version": "2.4.1",
      "resolved": "https://registry.npmjs.org/signalr/-/signalr-2.4.1.tgz",
      "integrity": "sha512-HhIcA9kOE9WBs/DPHd+9jN90GDeSD7RRAETcmxn80laDBQmkQeHblzGBNw4rBzn1behe2WiFYQcbKyx11H3ADw==",
      "requires": {
        "jquery": ">=1.6.4"
      }
    }
  }
}
